// !$*UTF8*$!
{
	archiveVersion = 1;
	classes = {
	};
	objectVersion = 46;
	objects = {

/* Begin PBXBuildFile section */
		992AE37F17F3909A0058DC52 /* libglfw3.3.0.dylib in Frameworks */ = {isa = PBXBuildFile; fileRef = 992AE37E17F3909A0058DC52 /* libglfw3.3.0.dylib */; };
		A133E1E61767FAF50031188F /* Screens.cpp in Sources */ = {isa = PBXBuildFile; fileRef = A133E1E51767FAF50031188F /* Screens.cpp */; };
		A1714FB41772308600BC62BC /* Gameplay.cpp in Sources */ = {isa = PBXBuildFile; fileRef = A1714FB21772308600BC62BC /* Gameplay.cpp */; };
		A1714FB717723B8D00BC62BC /* Segment.cpp in Sources */ = {isa = PBXBuildFile; fileRef = A1714FB517723B8D00BC62BC /* Segment.cpp */; };
		A174E3A7175B8B35002A4500 /* snake.icns in Resources */ = {isa = PBXBuildFile; fileRef = A174E3A6175B8B35002A4500 /* snake.icns */; };
		A174E3B8175BDF67002A4500 /* Entity.cpp in Sources */ = {isa = PBXBuildFile; fileRef = A174E3AF175BDF67002A4500 /* Entity.cpp */; };
		A174E3B9175BDF67002A4500 /* Pickup.cpp in Sources */ = {isa = PBXBuildFile; fileRef = A174E3B1175BDF67002A4500 /* Pickup.cpp */; };
		A174E3BA175BDF67002A4500 /* Snake.cpp in Sources */ = {isa = PBXBuildFile; fileRef = A174E3B3175BDF67002A4500 /* Snake.cpp */; };
		A174E3BB175BDF67002A4500 /* Colour.cpp in Sources */ = {isa = PBXBuildFile; fileRef = A174E3B6175BDF67002A4500 /* Colour.cpp */; };
		A174E3BE175BE090002A4500 /* Character.cpp in Sources */ = {isa = PBXBuildFile; fileRef = A174E3BC175BE090002A4500 /* Character.cpp */; };
		A18B5563175E91CA00939FCA /* World.cpp in Sources */ = {isa = PBXBuildFile; fileRef = A18B5561175E91CA00939FCA /* World.cpp */; };
		A18B5566175E95F100939FCA /* Vec2d.cpp in Sources */ = {isa = PBXBuildFile; fileRef = A18B5564175E95F100939FCA /* Vec2d.cpp */; };
		A18B557217612AA400939FCA /* Text.cpp in Sources */ = {isa = PBXBuildFile; fileRef = A18B557017612AA400939FCA /* Text.cpp */; };
		A18B557517612BF400939FCA /* Primitive.cpp in Sources */ = {isa = PBXBuildFile; fileRef = A18B557317612ABE00939FCA /* Primitive.cpp */; };
		A1C2B6FE175AC1FC00CA4E2C /* Logger.cpp in Sources */ = {isa = PBXBuildFile; fileRef = A1C2B6F5175AC1FC00CA4E2C /* Logger.cpp */; };
		A1C2B6FF175AC1FC00CA4E2C /* main.cpp in Sources */ = {isa = PBXBuildFile; fileRef = A1C2B6F7175AC1FC00CA4E2C /* main.cpp */; };
		A1C2B717175AC53000CA4E2C /* icon.rc in Resources */ = {isa = PBXBuildFile; fileRef = A1C2B713175AC53000CA4E2C /* icon.rc */; };
		A1C2B719175AC53000CA4E2C /* snake.ico in Resources */ = {isa = PBXBuildFile; fileRef = A1C2B716175AC53000CA4E2C /* snake.ico */; };
		A1EFC2D4175AB78A0028E165 /* OpenGL.framework in Frameworks */ = {isa = PBXBuildFile; fileRef = A1EFC2D3175AB78A0028E165 /* OpenGL.framework */; };
/* End PBXBuildFile section */

/* Begin PBXFileReference section */
		992AE37E17F3909A0058DC52 /* libglfw3.3.0.dylib */ = {isa = PBXFileReference; lastKnownFileType = "compiled.mach-o.dylib"; name = libglfw3.3.0.dylib; path = /usr/local/Cellar/glfw3/3.0.2/lib/libglfw3.3.0.dylib; sourceTree = "<absolute>"; };
		A133E1E51767FAF50031188F /* Screens.cpp */ = {isa = PBXFileReference; fileEncoding = 4; lastKnownFileType = sourcecode.cpp.cpp; path = Screens.cpp; sourceTree = "<group>"; };
		A133E1E71767FB500031188F /* Screens.h */ = {isa = PBXFileReference; lastKnownFileType = sourcecode.c.h; path = Screens.h; sourceTree = "<group>"; };
		A15AE624175B479D000FFF9A /* lanaSnake-Info.plist */ = {isa = PBXFileReference; lastKnownFileType = text.plist.xml; path = "lanaSnake-Info.plist"; sourceTree = "<group>"; };
		A15AE625175B479D000FFF9A /* lanaSnake-Prefix.pch */ = {isa = PBXFileReference; lastKnownFileType = sourcecode.c.h; path = "lanaSnake-Prefix.pch"; sourceTree = "<group>"; };
		A1714FB21772308600BC62BC /* Gameplay.cpp */ = {isa = PBXFileReference; fileEncoding = 4; lastKnownFileType = sourcecode.cpp.cpp; path = Gameplay.cpp; sourceTree = "<group>"; };
		A1714FB31772308600BC62BC /* Gameplay.h */ = {isa = PBXFileReference; fileEncoding = 4; lastKnownFileType = sourcecode.c.h; path = Gameplay.h; sourceTree = "<group>"; };
		A1714FB517723B8D00BC62BC /* Segment.cpp */ = {isa = PBXFileReference; fileEncoding = 4; lastKnownFileType = sourcecode.cpp.cpp; path = Segment.cpp; sourceTree = "<group>"; };
		A1714FB617723B8D00BC62BC /* Segment.h */ = {isa = PBXFileReference; fileEncoding = 4; lastKnownFileType = sourcecode.c.h; path = Segment.h; sourceTree = "<group>"; };
		A1714FB817723BE100BC62BC /* Drawable.h */ = {isa = PBXFileReference; lastKnownFileType = sourcecode.c.h; path = Drawable.h; sourceTree = "<group>"; };
		A1714FBA17724E3D00BC62BC /* Coordinated.h */ = {isa = PBXFileReference; lastKnownFileType = sourcecode.c.h; path = Coordinated.h; sourceTree = "<group>"; };
		A174E3A6175B8B35002A4500 /* snake.icns */ = {isa = PBXFileReference; lastKnownFileType = image.icns; path = snake.icns; sourceTree = "<group>"; };
		A174E3AF175BDF67002A4500 /* Entity.cpp */ = {isa = PBXFileReference; fileEncoding = 4; lastKnownFileType = sourcecode.cpp.cpp; path = Entity.cpp; sourceTree = "<group>"; };
		A174E3B0175BDF67002A4500 /* Entity.h */ = {isa = PBXFileReference; fileEncoding = 4; lastKnownFileType = sourcecode.c.h; path = Entity.h; sourceTree = "<group>"; };
		A174E3B1175BDF67002A4500 /* Pickup.cpp */ = {isa = PBXFileReference; fileEncoding = 4; lastKnownFileType = sourcecode.cpp.cpp; path = Pickup.cpp; sourceTree = "<group>"; };
		A174E3B2175BDF67002A4500 /* Pickup.h */ = {isa = PBXFileReference; fileEncoding = 4; lastKnownFileType = sourcecode.c.h; path = Pickup.h; sourceTree = "<group>"; };
		A174E3B3175BDF67002A4500 /* Snake.cpp */ = {isa = PBXFileReference; fileEncoding = 4; lastKnownFileType = sourcecode.cpp.cpp; path = Snake.cpp; sourceTree = "<group>"; };
		A174E3B4175BDF67002A4500 /* Snake.h */ = {isa = PBXFileReference; fileEncoding = 4; lastKnownFileType = sourcecode.c.h; path = Snake.h; sourceTree = "<group>"; };
		A174E3B6175BDF67002A4500 /* Colour.cpp */ = {isa = PBXFileReference; fileEncoding = 4; lastKnownFileType = sourcecode.cpp.cpp; path = Colour.cpp; sourceTree = "<group>"; };
		A174E3B7175BDF67002A4500 /* Colour.h */ = {isa = PBXFileReference; fileEncoding = 4; lastKnownFileType = sourcecode.c.h; path = Colour.h; sourceTree = "<group>"; };
		A174E3BC175BE090002A4500 /* Character.cpp */ = {isa = PBXFileReference; fileEncoding = 4; lastKnownFileType = sourcecode.cpp.cpp; path = Character.cpp; sourceTree = "<group>"; };
		A174E3BD175BE090002A4500 /* Character.h */ = {isa = PBXFileReference; fileEncoding = 4; lastKnownFileType = sourcecode.c.h; path = Character.h; sourceTree = "<group>"; };
		A18B5561175E91CA00939FCA /* World.cpp */ = {isa = PBXFileReference; fileEncoding = 4; lastKnownFileType = sourcecode.cpp.cpp; path = World.cpp; sourceTree = "<group>"; };
		A18B5562175E91CA00939FCA /* World.h */ = {isa = PBXFileReference; fileEncoding = 4; lastKnownFileType = sourcecode.c.h; path = World.h; sourceTree = "<group>"; };
		A18B5564175E95F100939FCA /* Vec2d.cpp */ = {isa = PBXFileReference; fileEncoding = 4; lastKnownFileType = sourcecode.cpp.cpp; path = Vec2d.cpp; sourceTree = "<group>"; };
		A18B5565175E95F100939FCA /* Vec2d.h */ = {isa = PBXFileReference; fileEncoding = 4; lastKnownFileType = sourcecode.c.h; path = Vec2d.h; sourceTree = "<group>"; };
		A18B556717611C7F00939FCA /* Collidable.h */ = {isa = PBXFileReference; lastKnownFileType = sourcecode.c.h; path = Collidable.h; sourceTree = "<group>"; };
		A18B557017612AA400939FCA /* Text.cpp */ = {isa = PBXFileReference; fileEncoding = 4; lastKnownFileType = sourcecode.cpp.cpp; path = Text.cpp; sourceTree = "<group>"; };
		A18B557117612AA400939FCA /* Text.h */ = {isa = PBXFileReference; fileEncoding = 4; lastKnownFileType = sourcecode.c.h; path = Text.h; sourceTree = "<group>"; };
		A18B557317612ABE00939FCA /* Primitive.cpp */ = {isa = PBXFileReference; lastKnownFileType = sourcecode.cpp.cpp; path = Primitive.cpp; sourceTree = "<group>"; };
		A18B557417612ABE00939FCA /* Primitive.h */ = {isa = PBXFileReference; lastKnownFileType = sourcecode.c.h; path = Primitive.h; sourceTree = "<group>"; };
		A1C2B6F5175AC1FC00CA4E2C /* Logger.cpp */ = {isa = PBXFileReference; fileEncoding = 4; lastKnownFileType = sourcecode.cpp.cpp; path = Logger.cpp; sourceTree = "<group>"; };
		A1C2B6F6175AC1FC00CA4E2C /* Logger.h */ = {isa = PBXFileReference; fileEncoding = 4; lastKnownFileType = sourcecode.c.h; path = Logger.h; sourceTree = "<group>"; };
		A1C2B6F7175AC1FC00CA4E2C /* main.cpp */ = {isa = PBXFileReference; fileEncoding = 4; lastKnownFileType = sourcecode.cpp.cpp; path = main.cpp; sourceTree = "<group>"; };
		A1C2B6FC175AC1FC00CA4E2C /* alphabet.h */ = {isa = PBXFileReference; fileEncoding = 4; lastKnownFileType = sourcecode.c.h; path = alphabet.h; sourceTree = "<group>"; };
		A1C2B6FD175AC1FC00CA4E2C /* palette.h */ = {isa = PBXFileReference; fileEncoding = 4; lastKnownFileType = sourcecode.c.h; path = palette.h; sourceTree = "<group>"; };
		A1C2B713175AC53000CA4E2C /* icon.rc */ = {isa = PBXFileReference; fileEncoding = 4; lastKnownFileType = text; path = icon.rc; sourceTree = "<group>"; };
		A1C2B716175AC53000CA4E2C /* snake.ico */ = {isa = PBXFileReference; lastKnownFileType = image.ico; path = snake.ico; sourceTree = "<group>"; };
		A1EFC2B3175AA46E0028E165 /* lanaSnake.app */ = {isa = PBXFileReference; explicitFileType = wrapper.application; includeInIndex = 0; path = lanaSnake.app; sourceTree = BUILT_PRODUCTS_DIR; };
		A1EFC2D3175AB78A0028E165 /* OpenGL.framework */ = {isa = PBXFileReference; lastKnownFileType = wrapper.framework; name = OpenGL.framework; path = /System/Library/Frameworks/OpenGL.framework; sourceTree = "<absolute>"; };
/* End PBXFileReference section */

/* Begin PBXFrameworksBuildPhase section */
		A1EFC2B0175AA46E0028E165 /* Frameworks */ = {
			isa = PBXFrameworksBuildPhase;
			buildActionMask = 2147483647;
			files = (
				A1EFC2D4175AB78A0028E165 /* OpenGL.framework in Frameworks */,
				992AE37F17F3909A0058DC52 /* libglfw3.3.0.dylib in Frameworks */,
			);
			runOnlyForDeploymentPostprocessing = 0;
		};
/* End PBXFrameworksBuildPhase section */

/* Begin PBXGroup section */
		A174E3AE175BDF67002A4500 /* entity */ = {
			isa = PBXGroup;
			children = (
				A1714FBA17724E3D00BC62BC /* Coordinated.h */,
				A18B556717611C7F00939FCA /* Collidable.h */,
				A1714FB817723BE100BC62BC /* Drawable.h */,
				A174E3AF175BDF67002A4500 /* Entity.cpp */,
				A174E3B0175BDF67002A4500 /* Entity.h */,
				A174E3B1175BDF67002A4500 /* Pickup.cpp */,
				A174E3B2175BDF67002A4500 /* Pickup.h */,
				A1714FB517723B8D00BC62BC /* Segment.cpp */,
				A1714FB617723B8D00BC62BC /* Segment.h */,
				A174E3B3175BDF67002A4500 /* Snake.cpp */,
				A174E3B4175BDF67002A4500 /* Snake.h */,
				A18B5561175E91CA00939FCA /* World.cpp */,
				A18B5562175E91CA00939FCA /* World.h */,
			);
			path = entity;
			sourceTree = "<group>";
		};
		A174E3B5175BDF67002A4500 /* foundation */ = {
			isa = PBXGroup;
			children = (
				A174E3BC175BE090002A4500 /* Character.cpp */,
				A174E3BD175BE090002A4500 /* Character.h */,
				A174E3B6175BDF67002A4500 /* Colour.cpp */,
				A174E3B7175BDF67002A4500 /* Colour.h */,
				A18B5564175E95F100939FCA /* Vec2d.cpp */,
				A18B5565175E95F100939FCA /* Vec2d.h */,
			);
			path = foundation;
			sourceTree = "<group>";
		};
		A18B556F17612AA400939FCA /* drawing */ = {
			isa = PBXGroup;
			children = (
				A1714FB21772308600BC62BC /* Gameplay.cpp */,
				A1714FB31772308600BC62BC /* Gameplay.h */,
				A18B557317612ABE00939FCA /* Primitive.cpp */,
				A18B557417612ABE00939FCA /* Primitive.h */,
				A133E1E51767FAF50031188F /* Screens.cpp */,
				A133E1E71767FB500031188F /* Screens.h */,
				A18B557017612AA400939FCA /* Text.cpp */,
				A18B557117612AA400939FCA /* Text.h */,
			);
			name = drawing;
			path = src/drawing;
			sourceTree = SOURCE_ROOT;
		};
		A1C2B6F3175AC1FC00CA4E2C /* src */ = {
			isa = PBXGroup;
			children = (
				A1C2B6F4175AC1FC00CA4E2C /* common */,
				A18B556F17612AA400939FCA /* drawing */,
				A1C2B6F7175AC1FC00CA4E2C /* main.cpp */,
				A1C2B6F8175AC1FC00CA4E2C /* model */,
				A1C2B6FB175AC1FC00CA4E2C /* static */,
			);
			path = src;
			sourceTree = "<group>";
		};
		A1C2B6F4175AC1FC00CA4E2C /* common */ = {
			isa = PBXGroup;
			children = (
				A1C2B6F5175AC1FC00CA4E2C /* Logger.cpp */,
				A1C2B6F6175AC1FC00CA4E2C /* Logger.h */,
			);
			path = common;
			sourceTree = "<group>";
		};
		A1C2B6F8175AC1FC00CA4E2C /* model */ = {
			isa = PBXGroup;
			children = (
				A174E3AE175BDF67002A4500 /* entity */,
				A174E3B5175BDF67002A4500 /* foundation */,
			);
			path = model;
			sourceTree = "<group>";
		};
		A1C2B6FB175AC1FC00CA4E2C /* static */ = {
			isa = PBXGroup;
			children = (
				A1C2B6FC175AC1FC00CA4E2C /* alphabet.h */,
				A1C2B6FD175AC1FC00CA4E2C /* palette.h */,
			);
			path = static;
			sourceTree = "<group>";
		};
		A1C2B712175AC52F00CA4E2C /* resource */ = {
			isa = PBXGroup;
			children = (
				A15AE624175B479D000FFF9A /* lanaSnake-Info.plist */,
				A15AE625175B479D000FFF9A /* lanaSnake-Prefix.pch */,
				A1C2B713175AC53000CA4E2C /* icon.rc */,
				A1C2B716175AC53000CA4E2C /* snake.ico */,
			);
			name = resource;
			path = ../snake/resource;
			sourceTree = "<group>";
		};
		A1EFC2AA175AA46E0028E165 = {
			isa = PBXGroup;
			children = (
				A174E3A6175B8B35002A4500 /* snake.icns */,
				A1EFC2B5175AA46E0028E165 /* Frameworks */,
				A1EFC2B4175AA46E0028E165 /* Products */,
				A1C2B712175AC52F00CA4E2C /* resource */,
				A1C2B6F3175AC1FC00CA4E2C /* src */,
			);
			sourceTree = "<group>";
		};
		A1EFC2B4175AA46E0028E165 /* Products */ = {
			isa = PBXGroup;
			children = (
				A1EFC2B3175AA46E0028E165 /* lanaSnake.app */,
			);
			name = Products;
			sourceTree = "<group>";
		};
		A1EFC2B5175AA46E0028E165 /* Frameworks */ = {
			isa = PBXGroup;
			children = (
				A1EFC2D3175AB78A0028E165 /* OpenGL.framework */,
				992AE37E17F3909A0058DC52 /* libglfw3.3.0.dylib */,
			);
			name = Frameworks;
			sourceTree = "<group>";
		};
/* End PBXGroup section */

/* Begin PBXNativeTarget section */
		A1EFC2B2175AA46E0028E165 /* lanaSnake */ = {
			isa = PBXNativeTarget;
			buildConfigurationList = A1EFC2D0175AA46F0028E165 /* Build configuration list for PBXNativeTarget "lanaSnake" */;
			buildPhases = (
				A1EFC2AF175AA46E0028E165 /* Sources */,
				A1EFC2B0175AA46E0028E165 /* Frameworks */,
				A1EFC2B1175AA46E0028E165 /* Resources */,
			);
			buildRules = (
			);
			dependencies = (
			);
			name = lanaSnake;
			productName = lanaSnake;
			productReference = A1EFC2B3175AA46E0028E165 /* lanaSnake.app */;
			productType = "com.apple.product-type.application";
		};
/* End PBXNativeTarget section */

/* Begin PBXProject section */
		A1EFC2AB175AA46E0028E165 /* Project object */ = {
			isa = PBXProject;
			attributes = {
				LastUpgradeCheck = 0500;
				ORGANIZATIONNAME = "Andy Stanton";
			};
			buildConfigurationList = A1EFC2AE175AA46E0028E165 /* Build configuration list for PBXProject "lanaSnake" */;
			compatibilityVersion = "Xcode 3.2";
			developmentRegion = English;
			hasScannedForEncodings = 0;
			knownRegions = (
				en,
			);
			mainGroup = A1EFC2AA175AA46E0028E165;
			productRefGroup = A1EFC2B4175AA46E0028E165 /* Products */;
			projectDirPath = "";
			projectRoot = "";
			targets = (
				A1EFC2B2175AA46E0028E165 /* lanaSnake */,
			);
		};
/* End PBXProject section */

/* Begin PBXResourcesBuildPhase section */
		A1EFC2B1175AA46E0028E165 /* Resources */ = {
			isa = PBXResourcesBuildPhase;
			buildActionMask = 2147483647;
			files = (
				A1C2B717175AC53000CA4E2C /* icon.rc in Resources */,
				A1C2B719175AC53000CA4E2C /* snake.ico in Resources */,
				A174E3A7175B8B35002A4500 /* snake.icns in Resources */,
			);
			runOnlyForDeploymentPostprocessing = 0;
		};
/* End PBXResourcesBuildPhase section */

/* Begin PBXSourcesBuildPhase section */
		A1EFC2AF175AA46E0028E165 /* Sources */ = {
			isa = PBXSourcesBuildPhase;
			buildActionMask = 2147483647;
			files = (
				A1C2B6FE175AC1FC00CA4E2C /* Logger.cpp in Sources */,
				A1C2B6FF175AC1FC00CA4E2C /* main.cpp in Sources */,
				A174E3B8175BDF67002A4500 /* Entity.cpp in Sources */,
				A174E3B9175BDF67002A4500 /* Pickup.cpp in Sources */,
				A174E3BA175BDF67002A4500 /* Snake.cpp in Sources */,
				A174E3BB175BDF67002A4500 /* Colour.cpp in Sources */,
				A174E3BE175BE090002A4500 /* Character.cpp in Sources */,
				A18B5563175E91CA00939FCA /* World.cpp in Sources */,
				A18B5566175E95F100939FCA /* Vec2d.cpp in Sources */,
				A18B557517612BF400939FCA /* Primitive.cpp in Sources */,
				A18B557217612AA400939FCA /* Text.cpp in Sources */,
				A133E1E61767FAF50031188F /* Screens.cpp in Sources */,
				A1714FB41772308600BC62BC /* Gameplay.cpp in Sources */,
				A1714FB717723B8D00BC62BC /* Segment.cpp in Sources */,
			);
			runOnlyForDeploymentPostprocessing = 0;
		};
/* End PBXSourcesBuildPhase section */

/* Begin XCBuildConfiguration section */
		A1EFC2CE175AA46F0028E165 /* Debug */ = {
			isa = XCBuildConfiguration;
			buildSettings = {
				ALWAYS_SEARCH_USER_PATHS = NO;
				CLANG_CXX_LANGUAGE_STANDARD = "gnu++0x";
				CLANG_CXX_LIBRARY = "libc++";
				CLANG_WARN_CONSTANT_CONVERSION = YES;
				CLANG_WARN_EMPTY_BODY = YES;
				CLANG_WARN_ENUM_CONVERSION = YES;
				CLANG_WARN_INT_CONVERSION = YES;
				CLANG_WARN__DUPLICATE_METHOD_MATCH = YES;
				COPY_PHASE_STRIP = NO;
				GCC_C_LANGUAGE_STANDARD = gnu99;
				GCC_DYNAMIC_NO_PIC = NO;
				GCC_ENABLE_OBJC_EXCEPTIONS = YES;
				GCC_OPTIMIZATION_LEVEL = 0;
				GCC_PREPROCESSOR_DEFINITIONS = (
					"DEBUG=1",
					"$(inherited)",
				);
				GCC_SYMBOLS_PRIVATE_EXTERN = NO;
				GCC_WARN_64_TO_32_BIT_CONVERSION = YES;
				GCC_WARN_ABOUT_RETURN_TYPE = YES;
				GCC_WARN_UNINITIALIZED_AUTOS = YES;
				GCC_WARN_UNUSED_VARIABLE = YES;
				MACOSX_DEPLOYMENT_TARGET = 10.8;
				ONLY_ACTIVE_ARCH = YES;
				SDKROOT = "";
			};
			name = Debug;
		};
		A1EFC2CF175AA46F0028E165 /* Release */ = {
			isa = XCBuildConfiguration;
			buildSettings = {
				ALWAYS_SEARCH_USER_PATHS = NO;
				CLANG_CXX_LANGUAGE_STANDARD = "gnu++0x";
				CLANG_CXX_LIBRARY = "libc++";
				CLANG_WARN_CONSTANT_CONVERSION = YES;
				CLANG_WARN_EMPTY_BODY = YES;
				CLANG_WARN_ENUM_CONVERSION = YES;
				CLANG_WARN_INT_CONVERSION = YES;
				CLANG_WARN__DUPLICATE_METHOD_MATCH = YES;
				COPY_PHASE_STRIP = YES;
				DEBUG_INFORMATION_FORMAT = "dwarf-with-dsym";
				GCC_C_LANGUAGE_STANDARD = gnu99;
				GCC_ENABLE_OBJC_EXCEPTIONS = YES;
				GCC_WARN_64_TO_32_BIT_CONVERSION = YES;
				GCC_WARN_ABOUT_RETURN_TYPE = YES;
				GCC_WARN_UNINITIALIZED_AUTOS = YES;
				GCC_WARN_UNUSED_VARIABLE = YES;
				MACOSX_DEPLOYMENT_TARGET = 10.8;
				SDKROOT = "";
			};
			name = Release;
		};
		A1EFC2D1175AA46F0028E165 /* Debug */ = {
			isa = XCBuildConfiguration;
			buildSettings = {
				ALWAYS_SEARCH_USER_PATHS = YES;
				CLANG_CXX_LANGUAGE_STANDARD = "gnu++0x";
				CLANG_WARN_CXX0X_EXTENSIONS = NO;
				COMBINE_HIDPI_IMAGES = YES;
				GCC_C_LANGUAGE_STANDARD = "compiler-default";
				GCC_PRECOMPILE_PREFIX_HEADER = YES;
				GCC_PREFIX_HEADER = "resource/lanaSnake-Prefix.pch";
				GCC_VERSION = "";
				HEADER_SEARCH_PATHS = (
					"$(inherited)",
					/Applications/Xcode.app/Contents/Developer/Toolchains/XcodeDefault.xctoolchain/usr/include,
					"/usr/local/include/**",
				);
				INFOPLIST_FILE = "resource/lanaSnake-Info.plist";
				LIBRARY_SEARCH_PATHS = /usr/local/lib;
				PRODUCT_NAME = "$(TARGET_NAME)";
				SDKROOT = "";
				USER_HEADER_SEARCH_PATHS = "";
				WRAPPER_EXTENSION = app;
			};
			name = Debug;
		};
		A1EFC2D2175AA46F0028E165 /* Release */ = {
			isa = XCBuildConfiguration;
			buildSettings = {
				ALWAYS_SEARCH_USER_PATHS = YES;
				CLANG_CXX_LANGUAGE_STANDARD = "gnu++0x";
				CLANG_WARN_CXX0X_EXTENSIONS = NO;
				COMBINE_HIDPI_IMAGES = YES;
				GCC_C_LANGUAGE_STANDARD = "compiler-default";
				GCC_PRECOMPILE_PREFIX_HEADER = YES;
				GCC_PREFIX_HEADER = "resource/lanaSnake-Prefix.pch";
				GCC_VERSION = "";
				HEADER_SEARCH_PATHS = (
					"$(inherited)",
					/Applications/Xcode.app/Contents/Developer/Toolchains/XcodeDefault.xctoolchain/usr/include,
					"/usr/local/include/**",
				);
				INFOPLIST_FILE = "resource/lanaSnake-Info.plist";
				LIBRARY_SEARCH_PATHS = /usr/local/lib;
				PRODUCT_NAME = "$(TARGET_NAME)";
				SDKROOT = "";
				USER_HEADER_SEARCH_PATHS = "";
				WRAPPER_EXTENSION = app;
			};
			name = Release;
		};
/* End XCBuildConfiguration section */

/* Begin XCConfigurationList section */
		A1EFC2AE175AA46E0028E165 /* Build configuration list for PBXProject "lanaSnake" */ = {
			isa = XCConfigurationList;
			buildConfigurations = (
				A1EFC2CE175AA46F0028E165 /* Debug */,
				A1EFC2CF175AA46F0028E165 /* Release */,
			);
			defaultConfigurationIsVisible = 0;
			defaultConfigurationName = Release;
		};
		A1EFC2D0175AA46F0028E165 /* Build configuration list for PBXNativeTarget "lanaSnake" */ = {
			isa = XCConfigurationList;
			buildConfigurations = (
				A1EFC2D1175AA46F0028E165 /* Debug */,
				A1EFC2D2175AA46F0028E165 /* Release */,
			);
			defaultConfigurationIsVisible = 0;
			defaultConfigurationName = Release;
		};
/* End XCConfigurationList section */
	};
	rootObject = A1EFC2AB175AA46E0028E165 /* Project object */;
}
